<?xml version="1.0" encoding="utf-8"?>
<Project ToolsVersion="4.0" xmlns="http://schemas.microsoft.com/developer/msbuild/2003">
  <ItemGroup>
    <Filter Include="Source Files">
      <UniqueIdentifier>{2a6d9492-867d-4a9d-aeda-73e28253f82f}</UniqueIdentifier>
      <Extensions>cpp;c;cxx;def;odl;idl;hpj;bat;asm</Extensions>
    </Filter>
    <Filter Include="Header Files">
      <UniqueIdentifier>{67a70ab6-5096-4563-908a-9261024a08ec}</UniqueIdentifier>
      <Extensions>h;hpp;hxx;hm;inl;inc</Extensions>
    </Filter>
    <Filter Include="Resource Files">
      <UniqueIdentifier>{6160fca2-bedb-42e7-b840-c72531d0c167}</UniqueIdentifier>
      <Extensions>rc;ico;cur;bmp;dlg;rc2;rct;bin;rgs;jpg;jpeg;jpe;manifest</Extensions>
    </Filter>
    <Filter Include="DouUI">
      <UniqueIdentifier>{603f2845-68d1-40e7-9f03-77618f3dc651}</UniqueIdentifier>
    </Filter>
    <Filter Include="DouUI\include">
      <UniqueIdentifier>{1cef48dc-57bb-4cee-ab9e-58a62355e5cf}</UniqueIdentifier>
    </Filter>
  </ItemGroup>
  <ItemGroup>
    <ClCompile Include="stdafx.cpp">
      <Filter>Source Files</Filter>
    </ClCompile>
    <ClCompile Include="WebGameTip.cpp">
      <Filter>Source Files</Filter>
    </ClCompile>
    <ClCompile Include="MainDlg.cpp">
      <Filter>Source Files</Filter>
    </ClCompile>
    <ClCompile Include="AboutDlg.cpp">
      <Filter>Source Files</Filter>
    </ClCompile>
    <ClCompile Include="..\..\include\DouUI\include\stb_image.c">
      <Filter>DouUI\include</Filter>
    </ClCompile>
    <ClCompile Include="..\..\include\DouUI\include\XUnzip.cpp">
      <Filter>DouUI\include</Filter>
    </ClCompile>
    <ClCompile Include="..\..\include\DouUI\DouBitmapManager.cpp">
      <Filter>DouUI</Filter>
    </ClCompile>
    <ClCompile Include="..\..\include\DouUI\DouZipUtils.cpp">
      <Filter>DouUI</Filter>
    </ClCompile>
  </ItemGroup>
  <ItemGroup>
    <ClInclude Include="stdafx.h">
      <Filter>Header Files</Filter>
    </ClInclude>
    <ClInclude Include="MainDlg.h">
      <Filter>Header Files</Filter>
    </ClInclude>
    <ClInclude Include="AboutDlg.h">
      <Filter>Header Files</Filter>
    </ClInclude>
    <ClInclude Include="resource.h">
      <Filter>Header Files</Filter>
    </ClInclude>
    <ClInclude Include="..\..\include\DouUI\include\stb_image.h">
      <Filter>DouUI\include</Filter>
    </ClInclude>
    <ClInclude Include="..\..\include\DouUI\include\XUnzip.h">
      <Filter>DouUI\include</Filter>
    </ClInclude>
    <ClInclude Include="..\..\include\DouUI\DouBitmapManager.h">
      <Filter>DouUI</Filter>
    </ClInclude>
    <ClInclude Include="..\..\include\DouUI\DouButtonObject.h">
      <Filter>DouUI</Filter>
    </ClInclude>
    <ClInclude Include="..\..\include\DouUI\DouColorManager.h">
      <Filter>DouUI</Filter>
    </ClInclude>
    <ClInclude Include="..\..\include\DouUI\DouControlBase.h">
      <Filter>DouUI</Filter>
    </ClInclude>
    <ClInclude Include="..\..\include\DouUI\DouControlImpl.h">
      <Filter>DouUI</Filter>
    </ClInclude>
    <ClInclude Include="..\..\include\DouUI\DouDlgBase.h">
      <Filter>DouUI</Filter>
    </ClInclude>
    <ClInclude Include="..\..\include\DouUI\DouFontManager.h">
      <Filter>DouUI</Filter>
    </ClInclude>
    <ClInclude Include="..\..\include\DouUI\DouImageExObject.h">
      <Filter>DouUI</Filter>
    </ClInclude>
    <ClInclude Include="..\..\include\DouUI\DouImageInfoBase.h">
      <Filter>DouUI</Filter>
    </ClInclude>
    <ClInclude Include="..\..\include\DouUI\DouImageObject.h">
      <Filter>DouUI</Filter>
    </ClInclude>
    <ClInclude Include="..\..\include\DouUI\DouRender.h">
      <Filter>DouUI</Filter>
    </ClInclude>
    <ClInclude Include="..\..\include\DouUI\DouTextInfoBase.h">
      <Filter>DouUI</Filter>
    </ClInclude>
    <ClInclude Include="..\..\include\DouUI\DouTextLinkObject.h">
      <Filter>DouUI</Filter>
    </ClInclude>
    <ClInclude Include="..\..\include\DouUI\DouTextObject.h">
      <Filter>DouUI</Filter>
    </ClInclude>
    <ClInclude Include="..\..\include\DouUI\DouUI.h">
      <Filter>DouUI</Filter>
    </ClInclude>
    <ClInclude Include="..\..\include\DouUI\DouUtils.h">
      <Filter>DouUI</Filter>
    </ClInclude>
    <ClInclude Include="..\..\include\DouUI\DouZipUtils.h">
      <Filter>DouUI</Filter>
    </ClInclude>
    <ClInclude Include="AppGlobalRes.h">
      <Filter>Header Files</Filter>
    </ClInclude>
    <ClInclude Include="..\..\include\DouUI\DouCheckboxObject.h">
      <Filter>DouUI</Filter>
    </ClInclude>
  </ItemGroup>
  <ItemGroup>
    <ResourceCompile Include="WebGameTip.rc">
      <Filter>Resource Files</Filter>
    </ResourceCompile>
  </ItemGroup>
  <ItemGroup>
    <Image Include="res\WebGameTip.ico">
      <Filter>Resource Files</Filter>
    </Image>
  </ItemGroup>
</Project>